
Microsoft Visual Studio Solution File, Format Version 12.00
# Visual Studio Version 16
VisualStudioVersion = 16.0.30711.63
MinimumVisualStudioVersion = 10.0.40219.1
Project("{FAE04EC0-301F-11D3-BF4B-00C04F79EFBC}") = "SER.Wkhtmltopdf.NetCore", "SER.Wkhtmltopdf.NetCore.csproj", "{B3083234-1EE1-4641-A930-966F1D48EBA7}"
EndProject
Global
	GlobalSection(SolutionConfigurationPlatforms) = preSolution
		Debug|Any CPU = Debug|Any CPU
		Release|Any CPU = Release|Any CPU
	EndGlobalSection
	GlobalSection(ProjectConfigurationPlatforms) = postSolution
		{B3083234-1EE1-4641-A930-966F1D48EBA7}.Debug|Any CPU.ActiveCfg = Debug|Any CPU
		{B3083234-1EE1-4641-A930-966F1D48EBA7}.Debug|Any CPU.Build.0 = Debug|Any CPU
		{B3083234-1EE1-4641-A930-966F1D48EBA7}.Release|Any CPU.ActiveCfg = Release|Any CPU
		{B3083234-1EE1-4641-A930-966F1D48EBA7}.Release|Any CPU.Build.0 = Release|Any CPU
	EndGlobalSection
	GlobalSection(SolutionProperties) = preSolution
		HideSolutionNode = FALSE
	EndGlobalSection
	GlobalSection(ExtensibilityGlobals) = postSolution
		SolutionGuid = {1875C98C-5BEC-48DC-B2B5-151A2E43DA6B}
	EndGlobalSection
EndGlobal
